<?xml version="1.0" encoding="UTF-8" standalone="yes" ?>
<CodeBlocks_project_file>
	<FileVersion major="1" minor="6" />
	<Project>
		<Option title="DNTMapEditor" />
		<Option execution_dir="C:\projetos\dccnitghtmare\" />
		<Option pch_mode="2" />
		<Option compiler="gcc" />
		<Build>
			<Target title="default">
				<Option output="..\bin\DNTMapEditor" prefix_auto="1" extension_auto="1" />
				<Option type="0" />
				<Option compiler="gcc" />
			</Target>
		</Build>
		<Compiler>
			<Add option="-D_MSC_VER" />
		</Compiler>
		<Linker>
			<Add option="-g -Wall -lm -lmingw32 -lGLU32 -lOPENGL32 -lSDLmain -lSDL -lSDL_image -lSDL_ttf -lcal3d -logg -lvorbis -lvorbisfile -lopenal32 -lintl" />
		</Linker>
		<Unit filename="..\src\app\mapEditor\area.cpp" />
		<Unit filename="..\src\app\mapEditor\area.h" />
		<Unit filename="..\src\app\mapEditor\editor.cpp" />
		<Unit filename="..\src\app\mapEditor\editor.h" />
		<Unit filename="..\src\app\mapEditor\grasswindow.cpp" />
		<Unit filename="..\src\app\mapEditor\grasswindow.h" />
		<Unit filename="..\src\app\mapEditor\guiIO.cpp" />
		<Unit filename="..\src\app\mapEditor\guiIO.h" />
		<Unit filename="..\src\app\mapEditor\listwindow.cpp" />
		<Unit filename="..\src\app\mapEditor\listwindow.h" />
		<Unit filename="..\src\app\mapEditor\mapEditor.cpp" />
		<Unit filename="..\src\app\mapEditor\mapEditor.h" />
		<Unit filename="..\src\app\mapEditor\message.cpp" />
		<Unit filename="..\src\app\mapEditor\message.h" />
		<Unit filename="..\src\app\mapEditor\nodeeditor.cpp" />
		<Unit filename="..\src\app\mapEditor\nodeeditor.h" />
		<Unit filename="..\src\app\mapEditor\npcs.cpp" />
		<Unit filename="..\src\app\mapEditor\npcs.h" />
		<Unit filename="..\src\app\mapEditor\objects.cpp" />
		<Unit filename="..\src\app\mapEditor\objects.h" />
		<Unit filename="..\src\app\mapEditor\particles.cpp" />
		<Unit filename="..\src\app\mapEditor\particles.h" />
		<Unit filename="..\src\app\mapEditor\portal.cpp" />
		<Unit filename="..\src\app\mapEditor\portal.h" />
		<Unit filename="..\src\app\mapEditor\terrain.cpp" />
		<Unit filename="..\src\app\mapEditor\terrain.h" />
		<Unit filename="..\src\app\mapEditor\wall.cpp" />
		<Unit filename="..\src\app\mapEditor\wall.h" />
		<Unit filename="..\src\app\mapEditor\waterwindow.cpp" />
		<Unit filename="..\src\app\mapEditor\waterwindow.h" />
		<Unit filename="..\src\cbook\comicbook.cpp" />
		<Unit filename="..\src\cbook\comicbook.h" />
		<Unit filename="..\src\cbook\comicbox.cpp" />
		<Unit filename="..\src\cbook\comicbox.h" />
		<Unit filename="..\src\cbook\comicpage.cpp" />
		<Unit filename="..\src\cbook\comicpage.h" />
		<Unit filename="..\src\classes\actions.cpp" />
		<Unit filename="..\src\classes\actions.h" />
		<Unit filename="..\src\classes\align.cpp" />
		<Unit filename="..\src\classes\align.h" />
		<Unit filename="..\src\classes\barter.cpp" />
		<Unit filename="..\src\classes\barter.h" />
		<Unit filename="..\src\classes\classes.cpp" />
		<Unit filename="..\src\classes\classes.h" />
		<Unit filename="..\src\classes\defs.cpp" />
		<Unit filename="..\src\classes\defs.h" />
		<Unit filename="..\src\classes\dices.cpp" />
		<Unit filename="..\src\classes\dices.h" />
		<Unit filename="..\src\classes\feats.cpp" />
		<Unit filename="..\src\classes\feats.h" />
		<Unit filename="..\src\classes\inventory.cpp" />
		<Unit filename="..\src\classes\inventory.h" />
		<Unit filename="..\src\classes\itemslot.cpp" />
		<Unit filename="..\src\classes\itemslot.h" />
		<Unit filename="..\src\classes\mission.cpp" />
		<Unit filename="..\src\classes\mission.h" />
		<Unit filename="..\src\classes\modeffect.cpp" />
		<Unit filename="..\src\classes\modeffect.h" />
		<Unit filename="..\src\classes\modifier.h" />
		<Unit filename="..\src\classes\money.cpp" />
		<Unit filename="..\src\classes\money.h" />
		<Unit filename="..\src\classes\object.cpp" />
		<Unit filename="..\src\classes\object.h" />
		<Unit filename="..\src\classes\pendingaction.cpp" />
		<Unit filename="..\src\classes\pendingaction.h" />
		<Unit filename="..\src\classes\race.cpp" />
		<Unit filename="..\src\classes\race.h" />
		<Unit filename="..\src\classes\skills.cpp" />
		<Unit filename="..\src\classes\skills.h" />
		<Unit filename="..\src\classes\thing.cpp" />
		<Unit filename="..\src\classes\thing.h" />
		<Unit filename="..\src\classes\weapon.cpp" />
		<Unit filename="..\src\classes\weapon.h" />
		<Unit filename="..\src\classes\xp.cpp" />
		<Unit filename="..\src\classes\xp.h" />
		<Unit filename="..\src\config_win.h" />
		<Unit filename="..\src\engine\alignwindow.cpp" />
		<Unit filename="..\src\engine\alignwindow.h" />
		<Unit filename="..\src\engine\aspectwindow.cpp" />
		<Unit filename="..\src\engine\aspectwindow.h" />
		<Unit filename="..\src\engine\attwindow.cpp" />
		<Unit filename="..\src\engine\attwindow.h" />
		<Unit filename="..\src\engine\barterwindow.cpp" />
		<Unit filename="..\src\engine\barterwindow.h" />
		<Unit filename="..\src\engine\briefing.cpp" />
		<Unit filename="..\src\engine\briefing.h" />
		<Unit filename="..\src\engine\camera.cpp" />
		<Unit filename="..\src\engine\camera.h" />
		<Unit filename="..\src\engine\character.cpp" />
		<Unit filename="..\src\engine\character.h" />
		<Unit filename="..\src\engine\charwindow.cpp" />
		<Unit filename="..\src\engine\charwindow.h" />
		<Unit filename="..\src\engine\classwindow.cpp" />
		<Unit filename="..\src\engine\classwindow.h" />
		<Unit filename="..\src\engine\collision.cpp" />
		<Unit filename="..\src\engine\collision.h" />
		<Unit filename="..\src\engine\culling.cpp" />
		<Unit filename="..\src\engine\culling.h" />
		<Unit filename="..\src\engine\cursor.cpp" />
		<Unit filename="..\src\engine\cursor.h" />
		<Unit filename="..\src\engine\dccnit.cpp" />
		<Unit filename="..\src\engine\dccnit.h" />
		<Unit filename="..\src\engine\dialog.cpp" />
		<Unit filename="..\src\engine\dialog.h" />
		<Unit filename="..\src\engine\featsel.cpp" />
		<Unit filename="..\src\engine\featsel.h" />
		<Unit filename="..\src\engine\featswindow.cpp" />
		<Unit filename="..\src\engine\initial.cpp" />
		<Unit filename="..\src\engine\initial.h" />
		<Unit filename="..\src\engine\inventwindow.cpp" />
		<Unit filename="..\src\engine\inventwindow.h" />
		<Unit filename="..\src\engine\itemwindow.cpp" />
		<Unit filename="..\src\engine\itemwindow.h" />
		<Unit filename="..\src\engine\journalwindow.cpp" />
		<Unit filename="..\src\engine\journalwindow.h" />
		<Unit filename="..\src\engine\levelup.cpp" />
		<Unit filename="..\src\engine\levelup.h" />
		<Unit filename="..\src\engine\minimapwindow.cpp" />
		<Unit filename="..\src\engine\minimapwindow.h" />
		<Unit filename="..\src\engine\modstate.cpp" />
		<Unit filename="..\src\engine\modstate.h" />
		<Unit filename="..\src\engine\moneywindow.cpp" />
		<Unit filename="..\src\engine\moneywindow.h" />
		<Unit filename="..\src\engine\options.cpp" />
		<Unit filename="..\src\engine\options.h" />
		<Unit filename="..\src\engine\racewindow.cpp" />
		<Unit filename="..\src\engine\racewindow.h" />
		<Unit filename="..\src\engine\savefile.cpp" />
		<Unit filename="..\src\engine\savefile.h" />
		<Unit filename="..\src\engine\savewindow.cpp" />
		<Unit filename="..\src\engine\savewindow.h" />
		<Unit filename="..\src\engine\shadow.cpp" />
		<Unit filename="..\src\engine\shadow.h" />
		<Unit filename="..\src\engine\shortcutswindow.cpp" />
		<Unit filename="..\src\engine\shortcutswindow.h" />
		<Unit filename="..\src\engine\skillwindow.cpp" />
		<Unit filename="..\src\engine\skillwindow.h" />
		<Unit filename="..\src\engine\sky.cpp" />
		<Unit filename="..\src\engine\sky.h" />
		<Unit filename="..\src\engine\sun.cpp" />
		<Unit filename="..\src\engine\sun.h" />
		<Unit filename="..\src\engine\util.cpp" />
		<Unit filename="..\src\engine\util.h" />
		<Unit filename="..\src\etc\animodel.cpp" />
		<Unit filename="..\src\etc\animodel.h" />
		<Unit filename="..\src\etc\boundingbox.cpp" />
		<Unit filename="..\src\etc\boundingbox.h" />
		<Unit filename="..\src\etc\btree.cpp" />
		<Unit filename="..\src\etc\btree.h" />
		<Unit filename="..\src\etc\btreecell.cpp" />
		<Unit filename="..\src\etc\btreecell.h" />
		<Unit filename="..\src\etc\cal3dmodel.cpp" />
		<Unit filename="..\src\etc\cal3dmodel.h" />
		<Unit filename="..\src\etc\defparser.cpp" />
		<Unit filename="..\src\etc\defparser.h" />
		<Unit filename="..\src\etc\dirs.cpp" />
		<Unit filename="..\src\etc\dirs.h" />
		<Unit filename="..\src\etc\distance.cpp" />
		<Unit filename="..\src\etc\distance.h" />
		<Unit filename="..\src\etc\extensions.cpp" />
		<Unit filename="..\src\etc\extensions.h" />
		<Unit filename="..\src\etc\list.cpp" />
		<Unit filename="..\src\etc\list.h" />
		<Unit filename="..\src\etc\md5anim.cpp" />
		<Unit filename="..\src\etc\md5anim.h" />
		<Unit filename="..\src\etc\md5model.cpp" />
		<Unit filename="..\src\etc\md5model.h" />
		<Unit filename="..\src\etc\message3d.cpp" />
		<Unit filename="..\src\etc\message3d.h" />
		<Unit filename="..\src\etc\npcfile.cpp" />
		<Unit filename="..\src\etc\npcfile.h" />
		<Unit filename="..\src\etc\overlaps.cpp" />
		<Unit filename="..\src\etc\overlaps.h" />
		<Unit filename="..\src\etc\quaternion.cpp" />
		<Unit filename="..\src\etc\quaternion.h" />
		<Unit filename="..\src\etc\scene.cpp" />
		<Unit filename="..\src\etc\scene.h" />
		<Unit filename="..\src\etc\scenenode.cpp" />
		<Unit filename="..\src\etc\scenenode.h" />
		<Unit filename="..\src\etc\shader.cpp" />
		<Unit filename="..\src\etc\shader.h" />
		<Unit filename="..\src\etc\texrenderer.cpp" />
		<Unit filename="..\src\etc\texrenderer.h" />
		<Unit filename="..\src\etc\userinfo.cpp" />
		<Unit filename="..\src\etc\userinfo.h" />
		<Unit filename="..\src\fight\fightGroup.cpp" />
		<Unit filename="..\src\fight\fightGroup.h" />
		<Unit filename="..\src\fight\fightSystem.cpp" />
		<Unit filename="..\src\fight\fightSystem.h" />
		<Unit filename="..\src\fight\initiative.cpp" />
		<Unit filename="..\src\fight\initiative.h" />
		<Unit filename="..\src\gui\button.cpp" />
		<Unit filename="..\src\gui\button.h" />
		<Unit filename="..\src\gui\color.cpp" />
		<Unit filename="..\src\gui\color.h" />
		<Unit filename="..\src\gui\cxsel.cpp" />
		<Unit filename="..\src\gui\cxsel.h" />
		<Unit filename="..\src\gui\dntfont.cpp" />
		<Unit filename="..\src\gui\dntfont.h" />
		<Unit filename="..\src\gui\draw.cpp" />
		<Unit filename="..\src\gui\draw.h" />
		<Unit filename="..\src\gui\farso.cpp" />
		<Unit filename="..\src\gui\farso.h" />
		<Unit filename="..\src\gui\farsoopts.cpp" />
		<Unit filename="..\src\gui\farsoopts.h" />
		<Unit filename="..\src\gui\filesel.cpp" />
		<Unit filename="..\src\gui\filesel.h" />
		<Unit filename="..\src\gui\guilist.cpp" />
		<Unit filename="..\src\gui\guilist.h" />
		<Unit filename="..\src\gui\guiobject.h" />
		<Unit filename="..\src\gui\healthBar.cpp" />
		<Unit filename="..\src\gui\healthBar.h" />
		<Unit filename="..\src\gui\interface.cpp" />
		<Unit filename="..\src\gui\interface.h" />
		<Unit filename="..\src\gui\listtext.cpp" />
		<Unit filename="..\src\gui\listtext.h" />
		<Unit filename="..\src\gui\menu.cpp" />
		<Unit filename="..\src\gui\menu.h" />
		<Unit filename="..\src\gui\messages.cpp" />
		<Unit filename="..\src\gui\messages.h" />
		<Unit filename="..\src\gui\mouse.cpp" />
		<Unit filename="..\src\gui\mouse.h" />
		<Unit filename="..\src\gui\picture.cpp" />
		<Unit filename="..\src\gui\picture.h" />
		<Unit filename="..\src\gui\rolbar.cpp" />
		<Unit filename="..\src\gui\rolbar.h" />
		<Unit filename="..\src\gui\seltext.cpp" />
		<Unit filename="..\src\gui\seltext.h" />
		<Unit filename="..\src\gui\tabbox.cpp" />
		<Unit filename="..\src\gui\tabbox.h" />
		<Unit filename="..\src\gui\tabbutton.cpp" />
		<Unit filename="..\src\gui\tabbutton.h" />
		<Unit filename="..\src\gui\textbar.cpp" />
		<Unit filename="..\src\gui\textbar.h" />
		<Unit filename="..\src\gui\textbox.cpp" />
		<Unit filename="..\src\gui\textbox.h" />
		<Unit filename="..\src\gui\window.cpp" />
		<Unit filename="..\src\gui\window.h" />
		<Unit filename="..\src\ia\agent.cpp" />
		<Unit filename="..\src\ia\agent.h" />
		<Unit filename="..\src\ia\astar.cpp" />
		<Unit filename="..\src\ia\astar.h" />
		<Unit filename="..\src\ia\iafuncs.cpp" />
		<Unit filename="..\src\ia\iafuncs.h" />
		<Unit filename="..\src\ia\iascript.cpp" />
		<Unit filename="..\src\ia\iascript.h" />
		<Unit filename="..\src\ia\iastack.cpp" />
		<Unit filename="..\src\ia\iastack.h" />
		<Unit filename="..\src\ia\iavariable.cpp" />
		<Unit filename="..\src\ia\iavariable.h" />
		<Unit filename="..\src\ia\pattAgent.cpp" />
		<Unit filename="..\src\ia\pattAgent.h" />
		<Unit filename="..\src\ia\potentAgent.cpp" />
		<Unit filename="..\src\ia\potentAgent.h" />
		<Unit filename="..\src\lang\translate.cpp" />
		<Unit filename="..\src\lang\translate.h" />
		<Unit filename="..\src\map\door.cpp" />
		<Unit filename="..\src\map\door.h" />
		<Unit filename="..\src\map\map.cpp" />
		<Unit filename="..\src\map\map.h" />
		<Unit filename="..\src\map\mapfog.cpp" />
		<Unit filename="..\src\map\mapfog.h" />
		<Unit filename="..\src\map\maplights.cpp" />
		<Unit filename="..\src\map\maplights.h" />
		<Unit filename="..\src\map\maproad.cpp" />
		<Unit filename="..\src\map\maproad.h" />
		<Unit filename="..\src\map\mapsound.cpp" />
		<Unit filename="..\src\map\mapsound.h" />
		<Unit filename="..\src\particle\interplane.cpp" />
		<Unit filename="..\src\particle\interplane.h" />
		<Unit filename="..\src\particle\lake.cpp" />
		<Unit filename="..\src\particle\lake.h" />
		<Unit filename="..\src\particle\partcontroller.cpp" />
		<Unit filename="..\src\particle\partcontroller.h" />
		<Unit filename="..\src\particle\partelement.cpp" />
		<Unit filename="..\src\particle\partelement.h" />
		<Unit filename="..\src\particle\particle.cpp" />
		<Unit filename="..\src\particle\particle.h" />
		<Unit filename="..\src\particle\partlist.cpp" />
		<Unit filename="..\src\particle\partlist.h" />
		<Unit filename="..\src\particle\partorigin.cpp" />
		<Unit filename="..\src\particle\partorigin.h" />
		<Unit filename="..\src\particle\wind.cpp" />
		<Unit filename="..\src\particle\wind.h" />
		<Unit filename="..\src\sound\ogg_stream.cpp" />
		<Unit filename="..\src\sound\ogg_stream.h" />
		<Unit filename="..\src\sound\sndfx.cpp" />
		<Unit filename="..\src\sound\sndfx.h" />
		<Unit filename="..\src\sound\sound.cpp" />
		<Unit filename="..\src\sound\sound.h" />
		<Unit filename="resource.rc">
			<Option compilerVar="WINDRES" />
		</Unit>
		<Extensions>
			<code_completion />
			<debugger />
		</Extensions>
	</Project>
</CodeBlocks_project_file>
